// !$*UTF8*$!
{
	archiveVersion = 1;
	classes = {
	};
	objectVersion = 46;
	objects = {

/* Begin PBXBuildFile section */
		60368E9D14F9E8020092CF27 /* SystemUIPlugin.framework in Frameworks */ = {isa = PBXBuildFile; fileRef = 60368E9C14F9E8020092CF27 /* SystemUIPlugin.framework */; };
		60368EAA14FA10190092CF27 /* ScreenshotController.m in Sources */ = {isa = PBXBuildFile; fileRef = 60368EA914FA10190092CF27 /* ScreenshotController.m */; };
		6057879F14FB43BC00C90A0B /* Alert.xib in Resources */ = {isa = PBXBuildFile; fileRef = 6057879E14FB43BC00C90A0B /* Alert.xib */; };
		605787A414FB455B00C90A0B /* Alert.m in Sources */ = {isa = PBXBuildFile; fileRef = 605787A314FB455B00C90A0B /* Alert.m */; };
		605787A714FB460900C90A0B /* AlertController.m in Sources */ = {isa = PBXBuildFile; fileRef = 605787A614FB460900C90A0B /* AlertController.m */; };
		605787AA14FB471B00C90A0B /* AlertBackgroundView.m in Sources */ = {isa = PBXBuildFile; fileRef = 605787A914FB471B00C90A0B /* AlertBackgroundView.m */; };
		C9293B7816AE75DF00829127 /* Status_invert.png in Resources */ = {isa = PBXBuildFile; fileRef = C9293B7416AE75DF00829127 /* Status_invert.png */; };
		C9293B7916AE75DF00829127 /* Status_invert@2x.png in Resources */ = {isa = PBXBuildFile; fileRef = C9293B7516AE75DF00829127 /* Status_invert@2x.png */; };
		C9293B7A16AE75DF00829127 /* Status.png in Resources */ = {isa = PBXBuildFile; fileRef = C9293B7616AE75DF00829127 /* Status.png */; };
		C9293B7B16AE75DF00829127 /* Status@2x.png in Resources */ = {isa = PBXBuildFile; fileRef = C9293B7716AE75DF00829127 /* Status@2x.png */; };
		C984680016AE40C200968CA4 /* icon.iconset in Resources */ = {isa = PBXBuildFile; fileRef = C98467FF16AE40C200968CA4 /* icon.iconset */; };
		DD4F7C0913C30F9F00825C6E /* Cocoa.framework in Frameworks */ = {isa = PBXBuildFile; fileRef = DD4F7C0813C30F9F00825C6E /* Cocoa.framework */; };
		DD4F7C1513C30F9F00825C6E /* main.m in Sources */ = {isa = PBXBuildFile; fileRef = DD4F7C1413C30F9F00825C6E /* main.m */; };
		DD4F7C1C13C30F9F00825C6E /* ApplicationDelegate.m in Sources */ = {isa = PBXBuildFile; fileRef = DD4F7C1B13C30F9F00825C6E /* ApplicationDelegate.m */; };
		DD4F7C1F13C30F9F00825C6E /* MainMenu.xib in Resources */ = {isa = PBXBuildFile; fileRef = DD4F7C1D13C30F9F00825C6E /* MainMenu.xib */; };
		DD4F7C3C13C3180800825C6E /* StatusItemView.m in Sources */ = {isa = PBXBuildFile; fileRef = DD4F7C3B13C3180800825C6E /* StatusItemView.m */; };
		DD4F7C4C13C322FA00825C6E /* StatusHighlighted.png in Resources */ = {isa = PBXBuildFile; fileRef = DD4F7C4A13C322FA00825C6E /* StatusHighlighted.png */; };
/* End PBXBuildFile section */

/* Begin PBXFileReference section */
		60368E9C14F9E8020092CF27 /* SystemUIPlugin.framework */ = {isa = PBXFileReference; lastKnownFileType = wrapper.framework; name = SystemUIPlugin.framework; path = ../../../../System/Library/PrivateFrameworks/SystemUIPlugin.framework; sourceTree = "<group>"; };
		60368EA814FA10190092CF27 /* ScreenshotController.h */ = {isa = PBXFileReference; fileEncoding = 4; lastKnownFileType = sourcecode.c.h; path = ScreenshotController.h; sourceTree = "<group>"; };
		60368EA914FA10190092CF27 /* ScreenshotController.m */ = {isa = PBXFileReference; fileEncoding = 4; lastKnownFileType = sourcecode.c.objc; path = ScreenshotController.m; sourceTree = "<group>"; };
		6057879E14FB43BC00C90A0B /* Alert.xib */ = {isa = PBXFileReference; fileEncoding = 4; lastKnownFileType = file.xib; path = Alert.xib; sourceTree = "<group>"; };
		605787A214FB455B00C90A0B /* Alert.h */ = {isa = PBXFileReference; fileEncoding = 4; lastKnownFileType = sourcecode.c.h; path = Alert.h; sourceTree = "<group>"; };
		605787A314FB455B00C90A0B /* Alert.m */ = {isa = PBXFileReference; fileEncoding = 4; lastKnownFileType = sourcecode.c.objc; path = Alert.m; sourceTree = "<group>"; };
		605787A514FB460900C90A0B /* AlertController.h */ = {isa = PBXFileReference; fileEncoding = 4; lastKnownFileType = sourcecode.c.h; path = AlertController.h; sourceTree = "<group>"; };
		605787A614FB460900C90A0B /* AlertController.m */ = {isa = PBXFileReference; fileEncoding = 4; lastKnownFileType = sourcecode.c.objc; path = AlertController.m; sourceTree = "<group>"; };
		605787A814FB471B00C90A0B /* AlertBackgroundView.h */ = {isa = PBXFileReference; fileEncoding = 4; lastKnownFileType = sourcecode.c.h; path = AlertBackgroundView.h; sourceTree = "<group>"; };
		605787A914FB471B00C90A0B /* AlertBackgroundView.m */ = {isa = PBXFileReference; fileEncoding = 4; lastKnownFileType = sourcecode.c.objc; path = AlertBackgroundView.m; sourceTree = "<group>"; };
		C9293B7416AE75DF00829127 /* Status_invert.png */ = {isa = PBXFileReference; lastKnownFileType = image.png; name = Status_invert.png; path = imgur/Status_invert.png; sourceTree = "<group>"; };
		C9293B7516AE75DF00829127 /* Status_invert@2x.png */ = {isa = PBXFileReference; lastKnownFileType = image.png; name = "Status_invert@2x.png"; path = "imgur/Status_invert@2x.png"; sourceTree = "<group>"; };
		C9293B7616AE75DF00829127 /* Status.png */ = {isa = PBXFileReference; lastKnownFileType = image.png; name = Status.png; path = imgur/Status.png; sourceTree = "<group>"; };
		C9293B7716AE75DF00829127 /* Status@2x.png */ = {isa = PBXFileReference; lastKnownFileType = image.png; name = "Status@2x.png"; path = "imgur/Status@2x.png"; sourceTree = "<group>"; };
		C98467FF16AE40C200968CA4 /* icon.iconset */ = {isa = PBXFileReference; lastKnownFileType = folder.iconset; path = icon.iconset; sourceTree = "<group>"; };
		DD4F7C0413C30F9F00825C6E /* imgur.app */ = {isa = PBXFileReference; explicitFileType = wrapper.application; includeInIndex = 0; path = imgur.app; sourceTree = BUILT_PRODUCTS_DIR; };
		DD4F7C0813C30F9F00825C6E /* Cocoa.framework */ = {isa = PBXFileReference; lastKnownFileType = wrapper.framework; name = Cocoa.framework; path = System/Library/Frameworks/Cocoa.framework; sourceTree = SDKROOT; };
		DD4F7C0B13C30F9F00825C6E /* AppKit.framework */ = {isa = PBXFileReference; lastKnownFileType = wrapper.framework; name = AppKit.framework; path = System/Library/Frameworks/AppKit.framework; sourceTree = SDKROOT; };
		DD4F7C0C13C30F9F00825C6E /* CoreData.framework */ = {isa = PBXFileReference; lastKnownFileType = wrapper.framework; name = CoreData.framework; path = System/Library/Frameworks/CoreData.framework; sourceTree = SDKROOT; };
		DD4F7C0D13C30F9F00825C6E /* Foundation.framework */ = {isa = PBXFileReference; lastKnownFileType = wrapper.framework; name = Foundation.framework; path = System/Library/Frameworks/Foundation.framework; sourceTree = SDKROOT; };
		DD4F7C1013C30F9F00825C6E /* imgur-Info.plist */ = {isa = PBXFileReference; lastKnownFileType = text.plist.xml; name = "imgur-Info.plist"; path = "imgur/imgur-Info.plist"; sourceTree = "<group>"; };
		DD4F7C1413C30F9F00825C6E /* main.m */ = {isa = PBXFileReference; lastKnownFileType = sourcecode.c.objc; path = main.m; sourceTree = "<group>"; };
		DD4F7C1613C30F9F00825C6E /* imgur-Prefix.pch */ = {isa = PBXFileReference; lastKnownFileType = sourcecode.c.h; path = "imgur-Prefix.pch"; sourceTree = "<group>"; };
		DD4F7C1A13C30F9F00825C6E /* ApplicationDelegate.h */ = {isa = PBXFileReference; lastKnownFileType = sourcecode.c.h; path = ApplicationDelegate.h; sourceTree = "<group>"; };
		DD4F7C1B13C30F9F00825C6E /* ApplicationDelegate.m */ = {isa = PBXFileReference; lastKnownFileType = sourcecode.c.objc; path = ApplicationDelegate.m; sourceTree = "<group>"; };
		DD4F7C1E13C30F9F00825C6E /* en */ = {isa = PBXFileReference; lastKnownFileType = file.xib; name = en; path = en.lproj/MainMenu.xib; sourceTree = "<group>"; };
		DD4F7C3A13C3180800825C6E /* StatusItemView.h */ = {isa = PBXFileReference; fileEncoding = 4; lastKnownFileType = sourcecode.c.h; path = StatusItemView.h; sourceTree = "<group>"; };
		DD4F7C3B13C3180800825C6E /* StatusItemView.m */ = {isa = PBXFileReference; fileEncoding = 4; lastKnownFileType = sourcecode.c.objc; path = StatusItemView.m; sourceTree = "<group>"; };
		DD4F7C4A13C322FA00825C6E /* StatusHighlighted.png */ = {isa = PBXFileReference; lastKnownFileType = image.png; name = StatusHighlighted.png; path = imgur/StatusHighlighted.png; sourceTree = "<group>"; };
/* End PBXFileReference section */

/* Begin PBXFrameworksBuildPhase section */
		DD4F7C0113C30F9F00825C6E /* Frameworks */ = {
			isa = PBXFrameworksBuildPhase;
			buildActionMask = 2147483647;
			files = (
				60368E9D14F9E8020092CF27 /* SystemUIPlugin.framework in Frameworks */,
				DD4F7C0913C30F9F00825C6E /* Cocoa.framework in Frameworks */,
			);
			runOnlyForDeploymentPostprocessing = 0;
		};
/* End PBXFrameworksBuildPhase section */

/* Begin PBXGroup section */
		DD4F7BF913C30F9F00825C6E = {
			isa = PBXGroup;
			children = (
				60368E9C14F9E8020092CF27 /* SystemUIPlugin.framework */,
				DD4F7C0E13C30F9F00825C6E /* Sources */,
				DD4F7C2813C3123E00825C6E /* User Interface */,
				DD4F7C0713C30F9F00825C6E /* Frameworks */,
				DD4F7C0513C30F9F00825C6E /* Products */,
				DD4F7C1013C30F9F00825C6E /* imgur-Info.plist */,
			);
			sourceTree = "<group>";
		};
		DD4F7C0513C30F9F00825C6E /* Products */ = {
			isa = PBXGroup;
			children = (
				DD4F7C0413C30F9F00825C6E /* imgur.app */,
			);
			name = Products;
			sourceTree = "<group>";
		};
		DD4F7C0713C30F9F00825C6E /* Frameworks */ = {
			isa = PBXGroup;
			children = (
				DD4F7C0B13C30F9F00825C6E /* AppKit.framework */,
				DD4F7C0C13C30F9F00825C6E /* CoreData.framework */,
				DD4F7C0D13C30F9F00825C6E /* Foundation.framework */,
				DD4F7C0813C30F9F00825C6E /* Cocoa.framework */,
			);
			name = Frameworks;
			sourceTree = "<group>";
		};
		DD4F7C0E13C30F9F00825C6E /* Sources */ = {
			isa = PBXGroup;
			children = (
				DD4F7C2613C311DF00825C6E /* Controllers */,
				DD4F7C3913C317EC00825C6E /* Views */,
				DD4F7C0F13C30F9F00825C6E /* Supporting Files */,
			);
			name = Sources;
			path = imgur;
			sourceTree = "<group>";
		};
		DD4F7C0F13C30F9F00825C6E /* Supporting Files */ = {
			isa = PBXGroup;
			children = (
				DD4F7C1613C30F9F00825C6E /* imgur-Prefix.pch */,
				DD4F7C1413C30F9F00825C6E /* main.m */,
			);
			name = "Supporting Files";
			sourceTree = "<group>";
		};
		DD4F7C2613C311DF00825C6E /* Controllers */ = {
			isa = PBXGroup;
			children = (
				DD4F7C1A13C30F9F00825C6E /* ApplicationDelegate.h */,
				DD4F7C1B13C30F9F00825C6E /* ApplicationDelegate.m */,
				60368EA814FA10190092CF27 /* ScreenshotController.h */,
				60368EA914FA10190092CF27 /* ScreenshotController.m */,
				605787A514FB460900C90A0B /* AlertController.h */,
				605787A614FB460900C90A0B /* AlertController.m */,
			);
			name = Controllers;
			sourceTree = "<group>";
		};
		DD4F7C2813C3123E00825C6E /* User Interface */ = {
			isa = PBXGroup;
			children = (
				C98467FF16AE40C200968CA4 /* icon.iconset */,
				DD4F7C4813C322D800825C6E /* Graphics */,
				DD4F7C2913C3124300825C6E /* XIBs */,
			);
			name = "User Interface";
			sourceTree = "<group>";
		};
		DD4F7C2913C3124300825C6E /* XIBs */ = {
			isa = PBXGroup;
			children = (
				DD4F7C1D13C30F9F00825C6E /* MainMenu.xib */,
				6057879E14FB43BC00C90A0B /* Alert.xib */,
			);
			name = XIBs;
			sourceTree = "<group>";
		};
		DD4F7C3913C317EC00825C6E /* Views */ = {
			isa = PBXGroup;
			children = (
				605787A214FB455B00C90A0B /* Alert.h */,
				605787A314FB455B00C90A0B /* Alert.m */,
				DD4F7C3A13C3180800825C6E /* StatusItemView.h */,
				DD4F7C3B13C3180800825C6E /* StatusItemView.m */,
				605787A814FB471B00C90A0B /* AlertBackgroundView.h */,
				605787A914FB471B00C90A0B /* AlertBackgroundView.m */,
			);
			name = Views;
			sourceTree = "<group>";
		};
		DD4F7C4813C322D800825C6E /* Graphics */ = {
			isa = PBXGroup;
			children = (
				C9293B7416AE75DF00829127 /* Status_invert.png */,
				C9293B7516AE75DF00829127 /* Status_invert@2x.png */,
				C9293B7616AE75DF00829127 /* Status.png */,
				C9293B7716AE75DF00829127 /* Status@2x.png */,
				DD4F7C4A13C322FA00825C6E /* StatusHighlighted.png */,
			);
			name = Graphics;
			sourceTree = "<group>";
		};
/* End PBXGroup section */

/* Begin PBXNativeTarget section */
		DD4F7C0313C30F9F00825C6E /* imgur */ = {
			isa = PBXNativeTarget;
			buildConfigurationList = DD4F7C2213C30F9F00825C6E /* Build configuration list for PBXNativeTarget "imgur" */;
			buildPhases = (
				DD4F7C0013C30F9F00825C6E /* Sources */,
				DD4F7C0113C30F9F00825C6E /* Frameworks */,
				DD4F7C0213C30F9F00825C6E /* Resources */,
			);
			buildRules = (
			);
			dependencies = (
			);
			name = imgur;
			productName = imgur;
			productReference = DD4F7C0413C30F9F00825C6E /* imgur.app */;
			productType = "com.apple.product-type.application";
		};
/* End PBXNativeTarget section */

/* Begin PBXProject section */
		DD4F7BFB13C30F9F00825C6E /* Project object */ = {
			isa = PBXProject;
			attributes = {
				LastUpgradeCheck = 0450;
			};
			buildConfigurationList = DD4F7BFE13C30F9F00825C6E /* Build configuration list for PBXProject "imgur" */;
			compatibilityVersion = "Xcode 3.2";
			developmentRegion = English;
			hasScannedForEncodings = 0;
			knownRegions = (
				en,
			);
			mainGroup = DD4F7BF913C30F9F00825C6E;
			productRefGroup = DD4F7C0513C30F9F00825C6E /* Products */;
			projectDirPath = "";
			projectRoot = "";
			targets = (
				DD4F7C0313C30F9F00825C6E /* imgur */,
			);
		};
/* End PBXProject section */

/* Begin PBXResourcesBuildPhase section */
		DD4F7C0213C30F9F00825C6E /* Resources */ = {
			isa = PBXResourcesBuildPhase;
			buildActionMask = 2147483647;
			files = (
				DD4F7C1F13C30F9F00825C6E /* MainMenu.xib in Resources */,
				DD4F7C4C13C322FA00825C6E /* StatusHighlighted.png in Resources */,
				6057879F14FB43BC00C90A0B /* Alert.xib in Resources */,
				C984680016AE40C200968CA4 /* icon.iconset in Resources */,
				C9293B7816AE75DF00829127 /* Status_invert.png in Resources */,
				C9293B7916AE75DF00829127 /* Status_invert@2x.png in Resources */,
				C9293B7A16AE75DF00829127 /* Status.png in Resources */,
				C9293B7B16AE75DF00829127 /* Status@2x.png in Resources */,
			);
			runOnlyForDeploymentPostprocessing = 0;
		};
/* End PBXResourcesBuildPhase section */

/* Begin PBXSourcesBuildPhase section */
		DD4F7C0013C30F9F00825C6E /* Sources */ = {
			isa = PBXSourcesBuildPhase;
			buildActionMask = 2147483647;
			files = (
				DD4F7C1513C30F9F00825C6E /* main.m in Sources */,
				DD4F7C1C13C30F9F00825C6E /* ApplicationDelegate.m in Sources */,
				DD4F7C3C13C3180800825C6E /* StatusItemView.m in Sources */,
				60368EAA14FA10190092CF27 /* ScreenshotController.m in Sources */,
				605787A414FB455B00C90A0B /* Alert.m in Sources */,
				605787A714FB460900C90A0B /* AlertController.m in Sources */,
				605787AA14FB471B00C90A0B /* AlertBackgroundView.m in Sources */,
			);
			runOnlyForDeploymentPostprocessing = 0;
		};
/* End PBXSourcesBuildPhase section */

/* Begin PBXVariantGroup section */
		DD4F7C1D13C30F9F00825C6E /* MainMenu.xib */ = {
			isa = PBXVariantGroup;
			children = (
				DD4F7C1E13C30F9F00825C6E /* en */,
			);
			name = MainMenu.xib;
			path = imgur;
			sourceTree = "<group>";
		};
/* End PBXVariantGroup section */

/* Begin XCBuildConfiguration section */
		DD4F7C2013C30F9F00825C6E /* Debug */ = {
			isa = XCBuildConfiguration;
			buildSettings = {
				ALWAYS_SEARCH_USER_PATHS = NO;
				ARCHS = "$(ARCHS_STANDARD_64_BIT)";
				COPY_PHASE_STRIP = NO;
				GCC_C_LANGUAGE_STANDARD = gnu99;
				GCC_DYNAMIC_NO_PIC = NO;
				GCC_ENABLE_OBJC_EXCEPTIONS = YES;
				GCC_OPTIMIZATION_LEVEL = 0;
				GCC_PREPROCESSOR_DEFINITIONS = (
					"DEBUG=1",
					"$(inherited)",
				);
				GCC_SYMBOLS_PRIVATE_EXTERN = NO;
				GCC_VERSION = com.apple.compilers.llvm.clang.1_0;
				GCC_WARN_64_TO_32_BIT_CONVERSION = YES;
				GCC_WARN_ABOUT_MISSING_PROTOTYPES = YES;
				GCC_WARN_ABOUT_RETURN_TYPE = YES;
				GCC_WARN_UNUSED_VARIABLE = YES;
				MACOSX_DEPLOYMENT_TARGET = 10.7;
				ONLY_ACTIVE_ARCH = YES;
				OTHER_LDFLAGS = (
					"-lcrypto",
					"-lssl",
				);
				SDKROOT = macosx;
				WRAPPER_EXTENSION = menu;
			};
			name = Debug;
		};
		DD4F7C2113C30F9F00825C6E /* Release */ = {
			isa = XCBuildConfiguration;
			buildSettings = {
				ALWAYS_SEARCH_USER_PATHS = NO;
				ARCHS = "$(ARCHS_STANDARD_64_BIT)";
				COPY_PHASE_STRIP = YES;
				DEBUG_INFORMATION_FORMAT = "dwarf-with-dsym";
				GCC_C_LANGUAGE_STANDARD = gnu99;
				GCC_ENABLE_OBJC_EXCEPTIONS = YES;
				GCC_VERSION = com.apple.compilers.llvm.clang.1_0;
				GCC_WARN_64_TO_32_BIT_CONVERSION = YES;
				GCC_WARN_ABOUT_MISSING_PROTOTYPES = YES;
				GCC_WARN_ABOUT_RETURN_TYPE = YES;
				GCC_WARN_UNUSED_VARIABLE = YES;
				MACOSX_DEPLOYMENT_TARGET = 10.7;
				ONLY_ACTIVE_ARCH = NO;
				OTHER_LDFLAGS = (
					"-lcrypto",
					"-lssl",
				);
				SDKROOT = macosx;
				WRAPPER_EXTENSION = menu;
			};
			name = Release;
		};
		DD4F7C2313C30F9F00825C6E /* Debug */ = {
			isa = XCBuildConfiguration;
			buildSettings = {
				ARCHS = "$(NATIVE_ARCH_ACTUAL)";
				COMBINE_HIDPI_IMAGES = YES;
				FRAMEWORK_SEARCH_PATHS = (
					"$(inherited)",
					"\"$(SYSTEM_LIBRARY_DIR)/PrivateFrameworks\"",
				);
				GCC_PRECOMPILE_PREFIX_HEADER = YES;
				GCC_PREFIX_HEADER = "imgur/imgur-Prefix.pch";
				INFOPLIST_FILE = "imgur/imgur-Info.plist";
				MACOSX_DEPLOYMENT_TARGET = "";
				PRODUCT_NAME = "$(TARGET_NAME)";
				SDKROOT = "";
				WRAPPER_EXTENSION = app;
			};
			name = Debug;
		};
		DD4F7C2413C30F9F00825C6E /* Release */ = {
			isa = XCBuildConfiguration;
			buildSettings = {
				ARCHS = "$(NATIVE_ARCH_ACTUAL)";
				COMBINE_HIDPI_IMAGES = YES;
				FRAMEWORK_SEARCH_PATHS = (
					"$(inherited)",
					"\"$(SYSTEM_LIBRARY_DIR)/PrivateFrameworks\"",
				);
				GCC_PRECOMPILE_PREFIX_HEADER = YES;
				GCC_PREFIX_HEADER = "imgur/imgur-Prefix.pch";
				INFOPLIST_FILE = "imgur/imgur-Info.plist";
				MACOSX_DEPLOYMENT_TARGET = "";
				ONLY_ACTIVE_ARCH = NO;
				PRODUCT_NAME = "$(TARGET_NAME)";
				SDKROOT = "";
				WRAPPER_EXTENSION = app;
			};
			name = Release;
		};
/* End XCBuildConfiguration section */

/* Begin XCConfigurationList section */
		DD4F7BFE13C30F9F00825C6E /* Build configuration list for PBXProject "imgur" */ = {
			isa = XCConfigurationList;
			buildConfigurations = (
				DD4F7C2013C30F9F00825C6E /* Debug */,
				DD4F7C2113C30F9F00825C6E /* Release */,
			);
			defaultConfigurationIsVisible = 0;
			defaultConfigurationName = Release;
		};
		DD4F7C2213C30F9F00825C6E /* Build configuration list for PBXNativeTarget "imgur" */ = {
			isa = XCConfigurationList;
			buildConfigurations = (
				DD4F7C2313C30F9F00825C6E /* Debug */,
				DD4F7C2413C30F9F00825C6E /* Release */,
			);
			defaultConfigurationIsVisible = 0;
			defaultConfigurationName = Release;
		};
/* End XCConfigurationList section */
	};
	rootObject = DD4F7BFB13C30F9F00825C6E /* Project object */;
}
